
Microsoft Visual Studio Solution File, Format Version 12.00
# Blend for Visual Studio Version 16
VisualStudioVersion = 16.0.30002.166
MinimumVisualStudioVersion = 10.0.40219.1
Project("{FAE04EC0-301F-11D3-BF4B-00C04F79EFBC}") = "7-8custcont", "7-8custcont\7-8custcont.csproj", "{7DE2DAC5-62F0-45FA-87C5-BD52CED40508}"
EndProject
Global
	GlobalSection(SolutionConfigurationPlatforms) = preSolution
		Debug|Any CPU = Debug|Any CPU
		Release|Any CPU = Release|Any CPU
	EndGlobalSection
	GlobalSection(ProjectConfigurationPlatforms) = postSolution
		{7DE2DAC5-62F0-45FA-87C5-BD52CED40508}.Debug|Any CPU.ActiveCfg = Debug|Any CPU
		{7DE2DAC5-62F0-45FA-87C5-BD52CED40508}.Debug|Any CPU.Build.0 = Debug|Any CPU
		{7DE2DAC5-62F0-45FA-87C5-BD52CED40508}.Release|Any CPU.ActiveCfg = Release|Any CPU
		{7DE2DAC5-62F0-45FA-87C5-BD52CED40508}.Release|Any CPU.Build.0 = Release|Any CPU
	EndGlobalSection
	GlobalSection(SolutionProperties) = preSolution
		HideSolutionNode = FALSE
	EndGlobalSection
	GlobalSection(ExtensibilityGlobals) = postSolution
		SolutionGuid = {743683F2-9D68-4E5F-B27D-A323D39727C1}
	EndGlobalSection
EndGlobal
