
Microsoft Visual Studio Solution File, Format Version 12.00
# Visual Studio Version 16
VisualStudioVersion = 16.0.29806.167
MinimumVisualStudioVersion = 10.0.40219.1
Project("{FAE04EC0-301F-11D3-BF4B-00C04F79EFBC}") = "10", "7-8\10.csproj", "{45B150F1-893A-405E-8AE5-E73FF7AFE60B}"
EndProject
Global
	GlobalSection(SolutionConfigurationPlatforms) = preSolution
		Debug|Any CPU = Debug|Any CPU
		Release|Any CPU = Release|Any CPU
	EndGlobalSection
	GlobalSection(ProjectConfigurationPlatforms) = postSolution
		{45B150F1-893A-405E-8AE5-E73FF7AFE60B}.Debug|Any CPU.ActiveCfg = Debug|Any CPU
		{45B150F1-893A-405E-8AE5-E73FF7AFE60B}.Debug|Any CPU.Build.0 = Debug|Any CPU
		{45B150F1-893A-405E-8AE5-E73FF7AFE60B}.Release|Any CPU.ActiveCfg = Release|Any CPU
		{45B150F1-893A-405E-8AE5-E73FF7AFE60B}.Release|Any CPU.Build.0 = Release|Any CPU
	EndGlobalSection
	GlobalSection(SolutionProperties) = preSolution
		HideSolutionNode = FALSE
	EndGlobalSection
	GlobalSection(ExtensibilityGlobals) = postSolution
		SolutionGuid = {25DD4F88-A45F-4B1A-A94D-369BA2B85D7D}
	EndGlobalSection
EndGlobal
