
Microsoft Visual Studio Solution File, Format Version 12.00
# Visual Studio Version 16
VisualStudioVersion = 16.0.29728.190
MinimumVisualStudioVersion = 10.0.40219.1
Project("{FAE04EC0-301F-11D3-BF4B-00C04F79EFBC}") = "4lab2", "4lab2\4lab2.csproj", "{BCF797D0-1DE3-45E9-8D4B-32FBC88E77CF}"
EndProject
Global
	GlobalSection(SolutionConfigurationPlatforms) = preSolution
		Debug|Any CPU = Debug|Any CPU
		Release|Any CPU = Release|Any CPU
	EndGlobalSection
	GlobalSection(ProjectConfigurationPlatforms) = postSolution
		{BCF797D0-1DE3-45E9-8D4B-32FBC88E77CF}.Debug|Any CPU.ActiveCfg = Debug|Any CPU
		{BCF797D0-1DE3-45E9-8D4B-32FBC88E77CF}.Debug|Any CPU.Build.0 = Debug|Any CPU
		{BCF797D0-1DE3-45E9-8D4B-32FBC88E77CF}.Release|Any CPU.ActiveCfg = Release|Any CPU
		{BCF797D0-1DE3-45E9-8D4B-32FBC88E77CF}.Release|Any CPU.Build.0 = Release|Any CPU
	EndGlobalSection
	GlobalSection(SolutionProperties) = preSolution
		HideSolutionNode = FALSE
	EndGlobalSection
	GlobalSection(ExtensibilityGlobals) = postSolution
		SolutionGuid = {EBD9884E-B8C2-4C52-B2BF-AA5C65A8352F}
	EndGlobalSection
EndGlobal
