
Microsoft Visual Studio Solution File, Format Version 12.00
# Blend for Visual Studio Version 16
VisualStudioVersion = 16.0.30002.166
MinimumVisualStudioVersion = 10.0.40219.1
Project("{FAE04EC0-301F-11D3-BF4B-00C04F79EFBC}") = "usercontrol", "usercontrol\usercontrol.csproj", "{C38432EC-CCD1-4F0B-A090-3F7DBA78DEB7}"
EndProject
Global
	GlobalSection(SolutionConfigurationPlatforms) = preSolution
		Debug|Any CPU = Debug|Any CPU
		Release|Any CPU = Release|Any CPU
	EndGlobalSection
	GlobalSection(ProjectConfigurationPlatforms) = postSolution
		{C38432EC-CCD1-4F0B-A090-3F7DBA78DEB7}.Debug|Any CPU.ActiveCfg = Debug|Any CPU
		{C38432EC-CCD1-4F0B-A090-3F7DBA78DEB7}.Debug|Any CPU.Build.0 = Debug|Any CPU
		{C38432EC-CCD1-4F0B-A090-3F7DBA78DEB7}.Release|Any CPU.ActiveCfg = Release|Any CPU
		{C38432EC-CCD1-4F0B-A090-3F7DBA78DEB7}.Release|Any CPU.Build.0 = Release|Any CPU
	EndGlobalSection
	GlobalSection(SolutionProperties) = preSolution
		HideSolutionNode = FALSE
	EndGlobalSection
	GlobalSection(ExtensibilityGlobals) = postSolution
		SolutionGuid = {16752711-1EC5-47A8-8B16-7A4140FA5635}
	EndGlobalSection
EndGlobal
